// !$*UTF8*$!
{
	archiveVersion = 1;
	classes = {
	};
	objectVersion = 56;
	objects = {

/* Begin PBXBuildFile section */
		104E7A3A2A2F883800795011 /* SwiftUIExamplesApp.swift in Sources */ = {isa = PBXBuildFile; fileRef = 104E7A392A2F883800795011 /* SwiftUIExamplesApp.swift */; };
		104E7A3C2A2F883800795011 /* ContentView.swift in Sources */ = {isa = PBXBuildFile; fileRef = 104E7A3B2A2F883800795011 /* ContentView.swift */; };
		104E7A3E2A2F883800795011 /* Assets.xcassets in Resources */ = {isa = PBXBuildFile; fileRef = 104E7A3D2A2F883800795011 /* Assets.xcassets */; };
		104E7A412A2F883800795011 /* Preview Assets.xcassets in Resources */ = {isa = PBXBuildFile; fileRef = 104E7A402A2F883800795011 /* Preview Assets.xcassets */; };
		104E7A492A2F888200795011 /* TextExample.swift in Sources */ = {isa = PBXBuildFile; fileRef = 104E7A482A2F888200795011 /* TextExample.swift */; };
		104E7A4B2A2F88C700795011 /* DataManager.swift in Sources */ = {isa = PBXBuildFile; fileRef = 104E7A4A2A2F88C700795011 /* DataManager.swift */; };
		104E7A4D2A2F971200795011 /* ImageExamples.swift in Sources */ = {isa = PBXBuildFile; fileRef = 104E7A4C2A2F971200795011 /* ImageExamples.swift */; };
		104E7A4F2A2F9BB800795011 /* TextFieldExamples.swift in Sources */ = {isa = PBXBuildFile; fileRef = 104E7A4E2A2F9BB800795011 /* TextFieldExamples.swift */; };
		104E7A512A2F9EB800795011 /* TableViewExample.swift in Sources */ = {isa = PBXBuildFile; fileRef = 104E7A502A2F9EB800795011 /* TableViewExample.swift */; };
		104E7A542A2FA5D500795011 /* PlayerDetails.swift in Sources */ = {isa = PBXBuildFile; fileRef = 104E7A532A2FA5D500795011 /* PlayerDetails.swift */; };
		104E7A562A30177A00795011 /* TableViewSectionExample.swift in Sources */ = {isa = PBXBuildFile; fileRef = 104E7A552A30177A00795011 /* TableViewSectionExample.swift */; };
		104E7A5A2A304E6400795011 /* TabBarExample.swift in Sources */ = {isa = PBXBuildFile; fileRef = 104E7A592A304E6400795011 /* TabBarExample.swift */; };
		104E7A5D2A30529100795011 /* PickerExample.swift in Sources */ = {isa = PBXBuildFile; fileRef = 104E7A5C2A30529100795011 /* PickerExample.swift */; };
		104E7A602A306A1200795011 /* ContactsListView.swift in Sources */ = {isa = PBXBuildFile; fileRef = 104E7A5F2A306A1200795011 /* ContactsListView.swift */; };
		104E7A622A306E2800795011 /* ContactDetails.swift in Sources */ = {isa = PBXBuildFile; fileRef = 104E7A612A306E2800795011 /* ContactDetails.swift */; };
		104E7A652A30745000795011 /* SampleView.swift in Sources */ = {isa = PBXBuildFile; fileRef = 104E7A642A30745000795011 /* SampleView.swift */; };
		104E7A682A30896F00795011 /* ViewBuilderExample.swift in Sources */ = {isa = PBXBuildFile; fileRef = 104E7A672A30896F00795011 /* ViewBuilderExample.swift */; };
		104E7A6D2A30A4B800795011 /* EnvironmentObjectExample.swift in Sources */ = {isa = PBXBuildFile; fileRef = 104E7A6C2A30A4B800795011 /* EnvironmentObjectExample.swift */; };
		104E7A6F2A30E46100795011 /* ToggleSwitchExample.swift in Sources */ = {isa = PBXBuildFile; fileRef = 104E7A6E2A30E46100795011 /* ToggleSwitchExample.swift */; };
/* End PBXBuildFile section */

/* Begin PBXFileReference section */
		104E7A362A2F883800795011 /* SwiftUIExamples.app */ = {isa = PBXFileReference; explicitFileType = wrapper.application; includeInIndex = 0; path = SwiftUIExamples.app; sourceTree = BUILT_PRODUCTS_DIR; };
		104E7A392A2F883800795011 /* SwiftUIExamplesApp.swift */ = {isa = PBXFileReference; lastKnownFileType = sourcecode.swift; path = SwiftUIExamplesApp.swift; sourceTree = "<group>"; };
		104E7A3B2A2F883800795011 /* ContentView.swift */ = {isa = PBXFileReference; lastKnownFileType = sourcecode.swift; path = ContentView.swift; sourceTree = "<group>"; };
		104E7A3D2A2F883800795011 /* Assets.xcassets */ = {isa = PBXFileReference; lastKnownFileType = folder.assetcatalog; path = Assets.xcassets; sourceTree = "<group>"; };
		104E7A402A2F883800795011 /* Preview Assets.xcassets */ = {isa = PBXFileReference; lastKnownFileType = folder.assetcatalog; path = "Preview Assets.xcassets"; sourceTree = "<group>"; };
		104E7A482A2F888200795011 /* TextExample.swift */ = {isa = PBXFileReference; lastKnownFileType = sourcecode.swift; path = TextExample.swift; sourceTree = "<group>"; };
		104E7A4A2A2F88C700795011 /* DataManager.swift */ = {isa = PBXFileReference; lastKnownFileType = sourcecode.swift; path = DataManager.swift; sourceTree = "<group>"; };
		104E7A4C2A2F971200795011 /* ImageExamples.swift */ = {isa = PBXFileReference; lastKnownFileType = sourcecode.swift; path = ImageExamples.swift; sourceTree = "<group>"; };
		104E7A4E2A2F9BB800795011 /* TextFieldExamples.swift */ = {isa = PBXFileReference; lastKnownFileType = sourcecode.swift; path = TextFieldExamples.swift; sourceTree = "<group>"; };
		104E7A502A2F9EB800795011 /* TableViewExample.swift */ = {isa = PBXFileReference; lastKnownFileType = sourcecode.swift; path = TableViewExample.swift; sourceTree = "<group>"; };
		104E7A532A2FA5D500795011 /* PlayerDetails.swift */ = {isa = PBXFileReference; lastKnownFileType = sourcecode.swift; path = PlayerDetails.swift; sourceTree = "<group>"; };
		104E7A552A30177A00795011 /* TableViewSectionExample.swift */ = {isa = PBXFileReference; lastKnownFileType = sourcecode.swift; path = TableViewSectionExample.swift; sourceTree = "<group>"; };
		104E7A592A304E6400795011 /* TabBarExample.swift */ = {isa = PBXFileReference; lastKnownFileType = sourcecode.swift; path = TabBarExample.swift; sourceTree = "<group>"; };
		104E7A5C2A30529100795011 /* PickerExample.swift */ = {isa = PBXFileReference; lastKnownFileType = sourcecode.swift; path = PickerExample.swift; sourceTree = "<group>"; };
		104E7A5F2A306A1200795011 /* ContactsListView.swift */ = {isa = PBXFileReference; lastKnownFileType = sourcecode.swift; path = ContactsListView.swift; sourceTree = "<group>"; };
		104E7A612A306E2800795011 /* ContactDetails.swift */ = {isa = PBXFileReference; lastKnownFileType = sourcecode.swift; path = ContactDetails.swift; sourceTree = "<group>"; };
		104E7A642A30745000795011 /* SampleView.swift */ = {isa = PBXFileReference; lastKnownFileType = sourcecode.swift; path = SampleView.swift; sourceTree = "<group>"; };
		104E7A672A30896F00795011 /* ViewBuilderExample.swift */ = {isa = PBXFileReference; lastKnownFileType = sourcecode.swift; path = ViewBuilderExample.swift; sourceTree = "<group>"; };
		104E7A6C2A30A4B800795011 /* EnvironmentObjectExample.swift */ = {isa = PBXFileReference; lastKnownFileType = sourcecode.swift; path = EnvironmentObjectExample.swift; sourceTree = "<group>"; };
		104E7A6E2A30E46100795011 /* ToggleSwitchExample.swift */ = {isa = PBXFileReference; lastKnownFileType = sourcecode.swift; path = ToggleSwitchExample.swift; sourceTree = "<group>"; };
/* End PBXFileReference section */

/* Begin PBXFrameworksBuildPhase section */
		104E7A332A2F883800795011 /* Frameworks */ = {
			isa = PBXFrameworksBuildPhase;
			buildActionMask = 2147483647;
			files = (
			);
			runOnlyForDeploymentPostprocessing = 0;
		};
/* End PBXFrameworksBuildPhase section */

/* Begin PBXGroup section */
		104E7A2D2A2F883800795011 = {
			isa = PBXGroup;
			children = (
				104E7A382A2F883800795011 /* SwiftUIExamples */,
				104E7A372A2F883800795011 /* Products */,
			);
			sourceTree = "<group>";
		};
		104E7A372A2F883800795011 /* Products */ = {
			isa = PBXGroup;
			children = (
				104E7A362A2F883800795011 /* SwiftUIExamples.app */,
			);
			name = Products;
			sourceTree = "<group>";
		};
		104E7A382A2F883800795011 /* SwiftUIExamples */ = {
			isa = PBXGroup;
			children = (
				104E7A4A2A2F88C700795011 /* DataManager.swift */,
				104E7A472A2F885D00795011 /* Examples */,
				104E7A392A2F883800795011 /* SwiftUIExamplesApp.swift */,
				104E7A3B2A2F883800795011 /* ContentView.swift */,
				104E7A3D2A2F883800795011 /* Assets.xcassets */,
				104E7A3F2A2F883800795011 /* Preview Content */,
			);
			path = SwiftUIExamples;
			sourceTree = "<group>";
		};
		104E7A3F2A2F883800795011 /* Preview Content */ = {
			isa = PBXGroup;
			children = (
				104E7A402A2F883800795011 /* Preview Assets.xcassets */,
			);
			path = "Preview Content";
			sourceTree = "<group>";
		};
		104E7A472A2F885D00795011 /* Examples */ = {
			isa = PBXGroup;
			children = (
				104E7A702A30E46800795011 /* ToggleSwitch */,
				104E7A692A30A17F00795011 /* EnviornmentVariable */,
				104E7A662A30895A00795011 /* ViewBuilderExample */,
				104E7A632A30743D00795011 /* Example */,
				104E7A5E2A3069FB00795011 /* ListAndNavigation */,
				104E7A5B2A30527F00795011 /* PickerExample */,
				104E7A582A304E5100795011 /* TabBar */,
				104E7A522A2FA54700795011 /* TableViewExample */,
				104E7A482A2F888200795011 /* TextExample.swift */,
				104E7A4C2A2F971200795011 /* ImageExamples.swift */,
				104E7A4E2A2F9BB800795011 /* TextFieldExamples.swift */,
			);
			path = Examples;
			sourceTree = "<group>";
		};
		104E7A522A2FA54700795011 /* TableViewExample */ = {
			isa = PBXGroup;
			children = (
				104E7A572A30198000795011 /* Sections */,
				104E7A502A2F9EB800795011 /* TableViewExample.swift */,
				104E7A532A2FA5D500795011 /* PlayerDetails.swift */,
			);
			path = TableViewExample;
			sourceTree = "<group>";
		};
		104E7A572A30198000795011 /* Sections */ = {
			isa = PBXGroup;
			children = (
				104E7A552A30177A00795011 /* TableViewSectionExample.swift */,
			);
			path = Sections;
			sourceTree = "<group>";
		};
		104E7A582A304E5100795011 /* TabBar */ = {
			isa = PBXGroup;
			children = (
				104E7A592A304E6400795011 /* TabBarExample.swift */,
			);
			path = TabBar;
			sourceTree = "<group>";
		};
		104E7A5B2A30527F00795011 /* PickerExample */ = {
			isa = PBXGroup;
			children = (
				104E7A5C2A30529100795011 /* PickerExample.swift */,
			);
			path = PickerExample;
			sourceTree = "<group>";
		};
		104E7A5E2A3069FB00795011 /* ListAndNavigation */ = {
			isa = PBXGroup;
			children = (
				104E7A5F2A306A1200795011 /* ContactsListView.swift */,
				104E7A612A306E2800795011 /* ContactDetails.swift */,
			);
			path = ListAndNavigation;
			sourceTree = "<group>";
		};
		104E7A632A30743D00795011 /* Example */ = {
			isa = PBXGroup;
			children = (
				104E7A642A30745000795011 /* SampleView.swift */,
			);
			path = Example;
			sourceTree = "<group>";
		};
		104E7A662A30895A00795011 /* ViewBuilderExample */ = {
			isa = PBXGroup;
			children = (
				104E7A672A30896F00795011 /* ViewBuilderExample.swift */,
			);
			path = ViewBuilderExample;
			sourceTree = "<group>";
		};
		104E7A692A30A17F00795011 /* EnviornmentVariable */ = {
			isa = PBXGroup;
			children = (
				104E7A6C2A30A4B800795011 /* EnvironmentObjectExample.swift */,
			);
			path = EnviornmentVariable;
			sourceTree = "<group>";
		};
		104E7A702A30E46800795011 /* ToggleSwitch */ = {
			isa = PBXGroup;
			children = (
				104E7A6E2A30E46100795011 /* ToggleSwitchExample.swift */,
			);
			path = ToggleSwitch;
			sourceTree = "<group>";
		};
/* End PBXGroup section */

/* Begin PBXNativeTarget section */
		104E7A352A2F883800795011 /* SwiftUIExamples */ = {
			isa = PBXNativeTarget;
			buildConfigurationList = 104E7A442A2F883800795011 /* Build configuration list for PBXNativeTarget "SwiftUIExamples" */;
			buildPhases = (
				104E7A322A2F883800795011 /* Sources */,
				104E7A332A2F883800795011 /* Frameworks */,
				104E7A342A2F883800795011 /* Resources */,
			);
			buildRules = (
			);
			dependencies = (
			);
			name = SwiftUIExamples;
			productName = SwiftUIExamples;
			productReference = 104E7A362A2F883800795011 /* SwiftUIExamples.app */;
			productType = "com.apple.product-type.application";
		};
/* End PBXNativeTarget section */

/* Begin PBXProject section */
		104E7A2E2A2F883800795011 /* Project object */ = {
			isa = PBXProject;
			attributes = {
				BuildIndependentTargetsInParallel = 1;
				LastSwiftUpdateCheck = 1430;
				LastUpgradeCheck = 1430;
				TargetAttributes = {
					104E7A352A2F883800795011 = {
						CreatedOnToolsVersion = 14.3;
					};
				};
			};
			buildConfigurationList = 104E7A312A2F883800795011 /* Build configuration list for PBXProject "SwiftUIExamples" */;
			compatibilityVersion = "Xcode 14.0";
			developmentRegion = en;
			hasScannedForEncodings = 0;
			knownRegions = (
				en,
				Base,
			);
			mainGroup = 104E7A2D2A2F883800795011;
			productRefGroup = 104E7A372A2F883800795011 /* Products */;
			projectDirPath = "";
			projectRoot = "";
			targets = (
				104E7A352A2F883800795011 /* SwiftUIExamples */,
			);
		};
/* End PBXProject section */

/* Begin PBXResourcesBuildPhase section */
		104E7A342A2F883800795011 /* Resources */ = {
			isa = PBXResourcesBuildPhase;
			buildActionMask = 2147483647;
			files = (
				104E7A412A2F883800795011 /* Preview Assets.xcassets in Resources */,
				104E7A3E2A2F883800795011 /* Assets.xcassets in Resources */,
			);
			runOnlyForDeploymentPostprocessing = 0;
		};
/* End PBXResourcesBuildPhase section */

/* Begin PBXSourcesBuildPhase section */
		104E7A322A2F883800795011 /* Sources */ = {
			isa = PBXSourcesBuildPhase;
			buildActionMask = 2147483647;
			files = (
				104E7A3C2A2F883800795011 /* ContentView.swift in Sources */,
				104E7A682A30896F00795011 /* ViewBuilderExample.swift in Sources */,
				104E7A6D2A30A4B800795011 /* EnvironmentObjectExample.swift in Sources */,
				104E7A562A30177A00795011 /* TableViewSectionExample.swift in Sources */,
				104E7A652A30745000795011 /* SampleView.swift in Sources */,
				104E7A622A306E2800795011 /* ContactDetails.swift in Sources */,
				104E7A5D2A30529100795011 /* PickerExample.swift in Sources */,
				104E7A542A2FA5D500795011 /* PlayerDetails.swift in Sources */,
				104E7A4D2A2F971200795011 /* ImageExamples.swift in Sources */,
				104E7A4F2A2F9BB800795011 /* TextFieldExamples.swift in Sources */,
				104E7A4B2A2F88C700795011 /* DataManager.swift in Sources */,
				104E7A602A306A1200795011 /* ContactsListView.swift in Sources */,
				104E7A5A2A304E6400795011 /* TabBarExample.swift in Sources */,
				104E7A512A2F9EB800795011 /* TableViewExample.swift in Sources */,
				104E7A492A2F888200795011 /* TextExample.swift in Sources */,
				104E7A3A2A2F883800795011 /* SwiftUIExamplesApp.swift in Sources */,
				104E7A6F2A30E46100795011 /* ToggleSwitchExample.swift in Sources */,
			);
			runOnlyForDeploymentPostprocessing = 0;
		};
/* End PBXSourcesBuildPhase section */

/* Begin XCBuildConfiguration section */
		104E7A422A2F883800795011 /* Debug */ = {
			isa = XCBuildConfiguration;
			buildSettings = {
				ALWAYS_SEARCH_USER_PATHS = NO;
				CLANG_ANALYZER_NONNULL = YES;
				CLANG_ANALYZER_NUMBER_OBJECT_CONVERSION = YES_AGGRESSIVE;
				CLANG_CXX_LANGUAGE_STANDARD = "gnu++20";
				CLANG_ENABLE_MODULES = YES;
				CLANG_ENABLE_OBJC_ARC = YES;
				CLANG_ENABLE_OBJC_WEAK = YES;
				CLANG_WARN_BLOCK_CAPTURE_AUTORELEASING = YES;
				CLANG_WARN_BOOL_CONVERSION = YES;
				CLANG_WARN_COMMA = YES;
				CLANG_WARN_CONSTANT_CONVERSION = YES;
				CLANG_WARN_DEPRECATED_OBJC_IMPLEMENTATIONS = YES;
				CLANG_WARN_DIRECT_OBJC_ISA_USAGE = YES_ERROR;
				CLANG_WARN_DOCUMENTATION_COMMENTS = YES;
				CLANG_WARN_EMPTY_BODY = YES;
				CLANG_WARN_ENUM_CONVERSION = YES;
				CLANG_WARN_INFINITE_RECURSION = YES;
				CLANG_WARN_INT_CONVERSION = YES;
				CLANG_WARN_NON_LITERAL_NULL_CONVERSION = YES;
				CLANG_WARN_OBJC_IMPLICIT_RETAIN_SELF = YES;
				CLANG_WARN_OBJC_LITERAL_CONVERSION = YES;
				CLANG_WARN_OBJC_ROOT_CLASS = YES_ERROR;
				CLANG_WARN_QUOTED_INCLUDE_IN_FRAMEWORK_HEADER = YES;
				CLANG_WARN_RANGE_LOOP_ANALYSIS = YES;
				CLANG_WARN_STRICT_PROTOTYPES = YES;
				CLANG_WARN_SUSPICIOUS_MOVE = YES;
				CLANG_WARN_UNGUARDED_AVAILABILITY = YES_AGGRESSIVE;
				CLANG_WARN_UNREACHABLE_CODE = YES;
				CLANG_WARN__DUPLICATE_METHOD_MATCH = YES;
				COPY_PHASE_STRIP = NO;
				DEBUG_INFORMATION_FORMAT = dwarf;
				ENABLE_STRICT_OBJC_MSGSEND = YES;
				ENABLE_TESTABILITY = YES;
				GCC_C_LANGUAGE_STANDARD = gnu11;
				GCC_DYNAMIC_NO_PIC = NO;
				GCC_NO_COMMON_BLOCKS = YES;
				GCC_OPTIMIZATION_LEVEL = 0;
				GCC_PREPROCESSOR_DEFINITIONS = (
					"DEBUG=1",
					"$(inherited)",
				);
				GCC_WARN_64_TO_32_BIT_CONVERSION = YES;
				GCC_WARN_ABOUT_RETURN_TYPE = YES_ERROR;
				GCC_WARN_UNDECLARED_SELECTOR = YES;
				GCC_WARN_UNINITIALIZED_AUTOS = YES_AGGRESSIVE;
				GCC_WARN_UNUSED_FUNCTION = YES;
				GCC_WARN_UNUSED_VARIABLE = YES;
				IPHONEOS_DEPLOYMENT_TARGET = 16.4;
				MTL_ENABLE_DEBUG_INFO = INCLUDE_SOURCE;
				MTL_FAST_MATH = YES;
				ONLY_ACTIVE_ARCH = YES;
				SDKROOT = iphoneos;
				SWIFT_ACTIVE_COMPILATION_CONDITIONS = DEBUG;
				SWIFT_OPTIMIZATION_LEVEL = "-Onone";
			};
			name = Debug;
		};
		104E7A432A2F883800795011 /* Release */ = {
			isa = XCBuildConfiguration;
			buildSettings = {
				ALWAYS_SEARCH_USER_PATHS = NO;
				CLANG_ANALYZER_NONNULL = YES;
				CLANG_ANALYZER_NUMBER_OBJECT_CONVERSION = YES_AGGRESSIVE;
				CLANG_CXX_LANGUAGE_STANDARD = "gnu++20";
				CLANG_ENABLE_MODULES = YES;
				CLANG_ENABLE_OBJC_ARC = YES;
				CLANG_ENABLE_OBJC_WEAK = YES;
				CLANG_WARN_BLOCK_CAPTURE_AUTORELEASING = YES;
				CLANG_WARN_BOOL_CONVERSION = YES;
				CLANG_WARN_COMMA = YES;
				CLANG_WARN_CONSTANT_CONVERSION = YES;
				CLANG_WARN_DEPRECATED_OBJC_IMPLEMENTATIONS = YES;
				CLANG_WARN_DIRECT_OBJC_ISA_USAGE = YES_ERROR;
				CLANG_WARN_DOCUMENTATION_COMMENTS = YES;
				CLANG_WARN_EMPTY_BODY = YES;
				CLANG_WARN_ENUM_CONVERSION = YES;
				CLANG_WARN_INFINITE_RECURSION = YES;
				CLANG_WARN_INT_CONVERSION = YES;
				CLANG_WARN_NON_LITERAL_NULL_CONVERSION = YES;
				CLANG_WARN_OBJC_IMPLICIT_RETAIN_SELF = YES;
				CLANG_WARN_OBJC_LITERAL_CONVERSION = YES;
				CLANG_WARN_OBJC_ROOT_CLASS = YES_ERROR;
				CLANG_WARN_QUOTED_INCLUDE_IN_FRAMEWORK_HEADER = YES;
				CLANG_WARN_RANGE_LOOP_ANALYSIS = YES;
				CLANG_WARN_STRICT_PROTOTYPES = YES;
				CLANG_WARN_SUSPICIOUS_MOVE = YES;
				CLANG_WARN_UNGUARDED_AVAILABILITY = YES_AGGRESSIVE;
				CLANG_WARN_UNREACHABLE_CODE = YES;
				CLANG_WARN__DUPLICATE_METHOD_MATCH = YES;
				COPY_PHASE_STRIP = NO;
				DEBUG_INFORMATION_FORMAT = "dwarf-with-dsym";
				ENABLE_NS_ASSERTIONS = NO;
				ENABLE_STRICT_OBJC_MSGSEND = YES;
				GCC_C_LANGUAGE_STANDARD = gnu11;
				GCC_NO_COMMON_BLOCKS = YES;
				GCC_WARN_64_TO_32_BIT_CONVERSION = YES;
				GCC_WARN_ABOUT_RETURN_TYPE = YES_ERROR;
				GCC_WARN_UNDECLARED_SELECTOR = YES;
				GCC_WARN_UNINITIALIZED_AUTOS = YES_AGGRESSIVE;
				GCC_WARN_UNUSED_FUNCTION = YES;
				GCC_WARN_UNUSED_VARIABLE = YES;
				IPHONEOS_DEPLOYMENT_TARGET = 16.4;
				MTL_ENABLE_DEBUG_INFO = NO;
				MTL_FAST_MATH = YES;
				SDKROOT = iphoneos;
				SWIFT_COMPILATION_MODE = wholemodule;
				SWIFT_OPTIMIZATION_LEVEL = "-O";
				VALIDATE_PRODUCT = YES;
			};
			name = Release;
		};
		104E7A452A2F883800795011 /* Debug */ = {
			isa = XCBuildConfiguration;
			buildSettings = {
				ASSETCATALOG_COMPILER_APPICON_NAME = AppIcon;
				ASSETCATALOG_COMPILER_GLOBAL_ACCENT_COLOR_NAME = AccentColor;
				CODE_SIGN_STYLE = Automatic;
				CURRENT_PROJECT_VERSION = 1;
				DEVELOPMENT_ASSET_PATHS = "\"SwiftUIExamples/Preview Content\"";
				ENABLE_PREVIEWS = YES;
				GENERATE_INFOPLIST_FILE = YES;
				INFOPLIST_KEY_UIApplicationSceneManifest_Generation = YES;
				INFOPLIST_KEY_UIApplicationSupportsIndirectInputEvents = YES;
				INFOPLIST_KEY_UILaunchScreen_Generation = YES;
				INFOPLIST_KEY_UISupportedInterfaceOrientations_iPad = "UIInterfaceOrientationPortrait UIInterfaceOrientationPortraitUpsideDown UIInterfaceOrientationLandscapeLeft UIInterfaceOrientationLandscapeRight";
				INFOPLIST_KEY_UISupportedInterfaceOrientations_iPhone = "UIInterfaceOrientationPortrait UIInterfaceOrientationLandscapeLeft UIInterfaceOrientationLandscapeRight";
				LD_RUNPATH_SEARCH_PATHS = (
					"$(inherited)",
					"@executable_path/Frameworks",
				);
				MARKETING_VERSION = 1.0;
				PRODUCT_BUNDLE_IDENTIFIER = SunilTalks.SwiftUIExamples;
				PRODUCT_NAME = "$(TARGET_NAME)";
				SWIFT_EMIT_LOC_STRINGS = YES;
				SWIFT_VERSION = 5.0;
				TARGETED_DEVICE_FAMILY = "1,2";
			};
			name = Debug;
		};
		104E7A462A2F883800795011 /* Release */ = {
			isa = XCBuildConfiguration;
			buildSettings = {
				ASSETCATALOG_COMPILER_APPICON_NAME = AppIcon;
				ASSETCATALOG_COMPILER_GLOBAL_ACCENT_COLOR_NAME = AccentColor;
				CODE_SIGN_STYLE = Automatic;
				CURRENT_PROJECT_VERSION = 1;
				DEVELOPMENT_ASSET_PATHS = "\"SwiftUIExamples/Preview Content\"";
				ENABLE_PREVIEWS = YES;
				GENERATE_INFOPLIST_FILE = YES;
				INFOPLIST_KEY_UIApplicationSceneManifest_Generation = YES;
				INFOPLIST_KEY_UIApplicationSupportsIndirectInputEvents = YES;
				INFOPLIST_KEY_UILaunchScreen_Generation = YES;
				INFOPLIST_KEY_UISupportedInterfaceOrientations_iPad = "UIInterfaceOrientationPortrait UIInterfaceOrientationPortraitUpsideDown UIInterfaceOrientationLandscapeLeft UIInterfaceOrientationLandscapeRight";
				INFOPLIST_KEY_UISupportedInterfaceOrientations_iPhone = "UIInterfaceOrientationPortrait UIInterfaceOrientationLandscapeLeft UIInterfaceOrientationLandscapeRight";
				LD_RUNPATH_SEARCH_PATHS = (
					"$(inherited)",
					"@executable_path/Frameworks",
				);
				MARKETING_VERSION = 1.0;
				PRODUCT_BUNDLE_IDENTIFIER = SunilTalks.SwiftUIExamples;
				PRODUCT_NAME = "$(TARGET_NAME)";
				SWIFT_EMIT_LOC_STRINGS = YES;
				SWIFT_VERSION = 5.0;
				TARGETED_DEVICE_FAMILY = "1,2";
			};
			name = Release;
		};
/* End XCBuildConfiguration section */

/* Begin XCConfigurationList section */
		104E7A312A2F883800795011 /* Build configuration list for PBXProject "SwiftUIExamples" */ = {
			isa = XCConfigurationList;
			buildConfigurations = (
				104E7A422A2F883800795011 /* Debug */,
				104E7A432A2F883800795011 /* Release */,
			);
			defaultConfigurationIsVisible = 0;
			defaultConfigurationName = Release;
		};
		104E7A442A2F883800795011 /* Build configuration list for PBXNativeTarget "SwiftUIExamples" */ = {
			isa = XCConfigurationList;
			buildConfigurations = (
				104E7A452A2F883800795011 /* Debug */,
				104E7A462A2F883800795011 /* Release */,
			);
			defaultConfigurationIsVisible = 0;
			defaultConfigurationName = Release;
		};
/* End XCConfigurationList section */
	};
	rootObject = 104E7A2E2A2F883800795011 /* Project object */;
}
